// !$*UTF8*$!
{
	archiveVersion = 1;
	classes = {
	};
	objectVersion = 46;
	objects = {

/* Begin PBXBuildFile section */
		5043680815D995F100596DEC /* TapkuLibrary.bundle in Resources */ = {isa = PBXBuildFile; fileRef = 5043680715D995F100596DEC /* TapkuLibrary.bundle */; };
		5043680C15D9963300596DEC /* QuartzCore.framework in Frameworks */ = {isa = PBXBuildFile; fileRef = 5043680B15D9963300596DEC /* QuartzCore.framework */; };
		5043680F15D9964200596DEC /* MapKit.framework in Frameworks */ = {isa = PBXBuildFile; fileRef = 5043680E15D9964200596DEC /* MapKit.framework */; };
		5043684215D9A3CE00596DEC /* libTapkuLibrary.a in Frameworks */ = {isa = PBXBuildFile; fileRef = 5043683F15D9A1AA00596DEC /* libTapkuLibrary.a */; };
		5043684515DAB75800596DEC /* organizerLoginPageViewController.m in Sources */ = {isa = PBXBuildFile; fileRef = 5043684415DAB75800596DEC /* organizerLoginPageViewController.m */; };
		5043684815DAB92800596DEC /* organizerHomePageViewController.m in Sources */ = {isa = PBXBuildFile; fileRef = 5043684715DAB92800596DEC /* organizerHomePageViewController.m */; };
		5043684B15DABA7100596DEC /* organizerCalendarViewController.m in Sources */ = {isa = PBXBuildFile; fileRef = 5043684A15DABA7100596DEC /* organizerCalendarViewController.m */; };
		5092318015E0291200C2B6EA /* AGImagePickerController.m in Sources */ = {isa = PBXBuildFile; fileRef = 5092316915E0291200C2B6EA /* AGImagePickerController.m */; };
		5092318115E0291200C2B6EA /* AGImagePickerController+Constants.m in Sources */ = {isa = PBXBuildFile; fileRef = 5092316B15E0291200C2B6EA /* AGImagePickerController+Constants.m */; };
		5092318215E0291200C2B6EA /* AGIPC-Checkmark-iPad.png in Resources */ = {isa = PBXBuildFile; fileRef = 5092316C15E0291200C2B6EA /* AGIPC-Checkmark-iPad.png */; };
		5092318315E0291200C2B6EA /* AGIPC-Checkmark-iPhone.png in Resources */ = {isa = PBXBuildFile; fileRef = 5092316D15E0291200C2B6EA /* AGIPC-Checkmark-iPhone.png */; };
		5092318415E0291200C2B6EA /* AGIPC-Checkmark-iPhone@2x.png in Resources */ = {isa = PBXBuildFile; fileRef = 5092316E15E0291200C2B6EA /* AGIPC-Checkmark-iPhone@2x.png */; };
		5092318515E0291200C2B6EA /* AGIPCAlbumsController_iPad.xib in Resources */ = {isa = PBXBuildFile; fileRef = 5092316F15E0291200C2B6EA /* AGIPCAlbumsController_iPad.xib */; };
		5092318615E0291200C2B6EA /* AGIPCAlbumsController_iPhone.xib in Resources */ = {isa = PBXBuildFile; fileRef = 5092317015E0291200C2B6EA /* AGIPCAlbumsController_iPhone.xib */; };
		5092318715E0291200C2B6EA /* AGIPCAlbumsController.m in Sources */ = {isa = PBXBuildFile; fileRef = 5092317215E0291200C2B6EA /* AGIPCAlbumsController.m */; };
		5092318815E0291200C2B6EA /* AGIPCAssetsController_iPad.xib in Resources */ = {isa = PBXBuildFile; fileRef = 5092317315E0291200C2B6EA /* AGIPCAssetsController_iPad.xib */; };
		5092318915E0291200C2B6EA /* AGIPCAssetsController_iPhone.xib in Resources */ = {isa = PBXBuildFile; fileRef = 5092317415E0291200C2B6EA /* AGIPCAssetsController_iPhone.xib */; };
		5092318A15E0291200C2B6EA /* AGIPCAssetsController.m in Sources */ = {isa = PBXBuildFile; fileRef = 5092317615E0291200C2B6EA /* AGIPCAssetsController.m */; };
		5092318B15E0291200C2B6EA /* AGIPCGridCell.m in Sources */ = {isa = PBXBuildFile; fileRef = 5092317815E0291200C2B6EA /* AGIPCGridCell.m */; };
		5092318C15E0291200C2B6EA /* AGIPCGridItem.m in Sources */ = {isa = PBXBuildFile; fileRef = 5092317A15E0291200C2B6EA /* AGIPCGridItem.m */; };
		5092318D15E0291200C2B6EA /* AGIPCToolbarItem.m in Sources */ = {isa = PBXBuildFile; fileRef = 5092317C15E0291200C2B6EA /* AGIPCToolbarItem.m */; };
		5092318E15E0291200C2B6EA /* ALAsset+AGIPC.m in Sources */ = {isa = PBXBuildFile; fileRef = 5092317E15E0291200C2B6EA /* ALAsset+AGIPC.m */; };
		5092318F15E0291200C2B6EA /* LICENSE in Resources */ = {isa = PBXBuildFile; fileRef = 5092317F15E0291200C2B6EA /* LICENSE */; };
		5092319215E0E71900C2B6EA /* UIImage+Crop.m in Sources */ = {isa = PBXBuildFile; fileRef = 5092319115E0E71900C2B6EA /* UIImage+Crop.m */; };
		5092319615E0E94A00C2B6EA /* UIImage+ResizeImage.m in Sources */ = {isa = PBXBuildFile; fileRef = 5092319515E0E94A00C2B6EA /* UIImage+ResizeImage.m */; };
		50AABE2715DC3DAD00FC9F72 /* organizerRegisterViewController.m in Sources */ = {isa = PBXBuildFile; fileRef = 50AABE2615DC3DAD00FC9F72 /* organizerRegisterViewController.m */; };
		50AABE2B15DC41AD00FC9F72 /* organizerSimpleCell.m in Sources */ = {isa = PBXBuildFile; fileRef = 50AABE2A15DC41AD00FC9F72 /* organizerSimpleCell.m */; };
		50AABE2E15DC427800FC9F72 /* organizerPasswordCell.m in Sources */ = {isa = PBXBuildFile; fileRef = 50AABE2D15DC427800FC9F72 /* organizerPasswordCell.m */; };
		50AABE3115DC439400FC9F72 /* organizerAvatarCell.m in Sources */ = {isa = PBXBuildFile; fileRef = 50AABE3015DC439400FC9F72 /* organizerAvatarCell.m */; };
		50B1D71715D9921600C20098 /* UIKit.framework in Frameworks */ = {isa = PBXBuildFile; fileRef = 50B1D71615D9921600C20098 /* UIKit.framework */; };
		50B1D71915D9921600C20098 /* Foundation.framework in Frameworks */ = {isa = PBXBuildFile; fileRef = 50B1D71815D9921600C20098 /* Foundation.framework */; };
		50B1D71B15D9921600C20098 /* CoreGraphics.framework in Frameworks */ = {isa = PBXBuildFile; fileRef = 50B1D71A15D9921600C20098 /* CoreGraphics.framework */; };
		50B1D72115D9921600C20098 /* InfoPlist.strings in Resources */ = {isa = PBXBuildFile; fileRef = 50B1D71F15D9921600C20098 /* InfoPlist.strings */; };
		50B1D72315D9921600C20098 /* main.m in Sources */ = {isa = PBXBuildFile; fileRef = 50B1D72215D9921600C20098 /* main.m */; };
		50B1D72715D9921600C20098 /* organizerAppDelegate.m in Sources */ = {isa = PBXBuildFile; fileRef = 50B1D72615D9921600C20098 /* organizerAppDelegate.m */; };
		50B1D72A15D9921600C20098 /* MainStoryboard.storyboard in Resources */ = {isa = PBXBuildFile; fileRef = 50B1D72815D9921600C20098 /* MainStoryboard.storyboard */; };
		50D2423115DFE4DA00593C91 /* NSString+Empty.m in Sources */ = {isa = PBXBuildFile; fileRef = 50D2423015DFE4DA00593C91 /* NSString+Empty.m */; };
		50D2425815DFF1CB00593C91 /* AssetsLibrary.framework in Frameworks */ = {isa = PBXBuildFile; fileRef = 50D2425715DFF1CB00593C91 /* AssetsLibrary.framework */; };
/* End PBXBuildFile section */

/* Begin PBXContainerItemProxy section */
		5043683E15D9A1AA00596DEC /* PBXContainerItemProxy */ = {
			isa = PBXContainerItemProxy;
			containerPortal = 5043682B15D99E5200596DEC /* TapkuLibrary.xcodeproj */;
			proxyType = 2;
			remoteGlobalIDString = D2AAC07E0554694100DB518D;
			remoteInfo = TapkuLibrary;
		};
		5043684015D9A1AA00596DEC /* PBXContainerItemProxy */ = {
			isa = PBXContainerItemProxy;
			containerPortal = 5043682B15D99E5200596DEC /* TapkuLibrary.xcodeproj */;
			proxyType = 2;
			remoteGlobalIDString = 3B45DDF1134C736600D24C1A;
			remoteInfo = LogicTests;
		};
/* End PBXContainerItemProxy section */

/* Begin PBXFileReference section */
		5043680715D995F100596DEC /* TapkuLibrary.bundle */ = {isa = PBXFileReference; lastKnownFileType = "wrapper.plug-in"; name = TapkuLibrary.bundle; path = ../../library/tapku/src/TapkuLibrary.bundle; sourceTree = "<group>"; };
		5043680B15D9963300596DEC /* QuartzCore.framework */ = {isa = PBXFileReference; lastKnownFileType = wrapper.framework; name = QuartzCore.framework; path = System/Library/Frameworks/QuartzCore.framework; sourceTree = SDKROOT; };
		5043680E15D9964200596DEC /* MapKit.framework */ = {isa = PBXFileReference; lastKnownFileType = wrapper.framework; name = MapKit.framework; path = System/Library/Frameworks/MapKit.framework; sourceTree = SDKROOT; };
		5043682B15D99E5200596DEC /* TapkuLibrary.xcodeproj */ = {isa = PBXFileReference; lastKnownFileType = "wrapper.pb-project"; name = TapkuLibrary.xcodeproj; path = ../library/tapku/src/TapkuLibrary.xcodeproj; sourceTree = "<group>"; };
		5043684315DAB75800596DEC /* organizerLoginPageViewController.h */ = {isa = PBXFileReference; fileEncoding = 4; lastKnownFileType = sourcecode.c.h; name = organizerLoginPageViewController.h; path = Controllers/organizerLoginPageViewController.h; sourceTree = "<group>"; };
		5043684415DAB75800596DEC /* organizerLoginPageViewController.m */ = {isa = PBXFileReference; fileEncoding = 4; lastKnownFileType = sourcecode.c.objc; name = organizerLoginPageViewController.m; path = Controllers/organizerLoginPageViewController.m; sourceTree = "<group>"; };
		5043684615DAB92800596DEC /* organizerHomePageViewController.h */ = {isa = PBXFileReference; fileEncoding = 4; lastKnownFileType = sourcecode.c.h; name = organizerHomePageViewController.h; path = Controllers/organizerHomePageViewController.h; sourceTree = "<group>"; };
		5043684715DAB92800596DEC /* organizerHomePageViewController.m */ = {isa = PBXFileReference; fileEncoding = 4; lastKnownFileType = sourcecode.c.objc; name = organizerHomePageViewController.m; path = Controllers/organizerHomePageViewController.m; sourceTree = "<group>"; };
		5043684915DABA7100596DEC /* organizerCalendarViewController.h */ = {isa = PBXFileReference; fileEncoding = 4; lastKnownFileType = sourcecode.c.h; name = organizerCalendarViewController.h; path = Controllers/organizerCalendarViewController.h; sourceTree = "<group>"; };
		5043684A15DABA7100596DEC /* organizerCalendarViewController.m */ = {isa = PBXFileReference; fileEncoding = 4; lastKnownFileType = sourcecode.c.objc; name = organizerCalendarViewController.m; path = Controllers/organizerCalendarViewController.m; sourceTree = "<group>"; };
		5092316815E0291200C2B6EA /* AGImagePickerController.h */ = {isa = PBXFileReference; fileEncoding = 4; lastKnownFileType = sourcecode.c.h; name = AGImagePickerController.h; path = ../../library/AGImagePicker/AGImagePickerController/AGImagePickerController.h; sourceTree = "<group>"; };
		5092316915E0291200C2B6EA /* AGImagePickerController.m */ = {isa = PBXFileReference; fileEncoding = 4; lastKnownFileType = sourcecode.c.objc; name = AGImagePickerController.m; path = ../../library/AGImagePicker/AGImagePickerController/AGImagePickerController.m; sourceTree = "<group>"; };
		5092316A15E0291200C2B6EA /* AGImagePickerController+Constants.h */ = {isa = PBXFileReference; fileEncoding = 4; lastKnownFileType = sourcecode.c.h; name = "AGImagePickerController+Constants.h"; path = "../../library/AGImagePicker/AGImagePickerController/AGImagePickerController+Constants.h"; sourceTree = "<group>"; };
		5092316B15E0291200C2B6EA /* AGImagePickerController+Constants.m */ = {isa = PBXFileReference; fileEncoding = 4; lastKnownFileType = sourcecode.c.objc; name = "AGImagePickerController+Constants.m"; path = "../../library/AGImagePicker/AGImagePickerController/AGImagePickerController+Constants.m"; sourceTree = "<group>"; };
		5092316C15E0291200C2B6EA /* AGIPC-Checkmark-iPad.png */ = {isa = PBXFileReference; lastKnownFileType = image.png; name = "AGIPC-Checkmark-iPad.png"; path = "../../library/AGImagePicker/AGImagePickerController/AGIPC-Checkmark-iPad.png"; sourceTree = "<group>"; };
		5092316D15E0291200C2B6EA /* AGIPC-Checkmark-iPhone.png */ = {isa = PBXFileReference; lastKnownFileType = image.png; name = "AGIPC-Checkmark-iPhone.png"; path = "../../library/AGImagePicker/AGImagePickerController/AGIPC-Checkmark-iPhone.png"; sourceTree = "<group>"; };
		5092316E15E0291200C2B6EA /* AGIPC-Checkmark-iPhone@2x.png */ = {isa = PBXFileReference; lastKnownFileType = image.png; name = "AGIPC-Checkmark-iPhone@2x.png"; path = "../../library/AGImagePicker/AGImagePickerController/AGIPC-Checkmark-iPhone@2x.png"; sourceTree = "<group>"; };
		5092316F15E0291200C2B6EA /* AGIPCAlbumsController_iPad.xib */ = {isa = PBXFileReference; fileEncoding = 4; lastKnownFileType = file.xib; name = AGIPCAlbumsController_iPad.xib; path = ../../library/AGImagePicker/AGImagePickerController/AGIPCAlbumsController_iPad.xib; sourceTree = "<group>"; };
		5092317015E0291200C2B6EA /* AGIPCAlbumsController_iPhone.xib */ = {isa = PBXFileReference; fileEncoding = 4; lastKnownFileType = file.xib; name = AGIPCAlbumsController_iPhone.xib; path = ../../library/AGImagePicker/AGImagePickerController/AGIPCAlbumsController_iPhone.xib; sourceTree = "<group>"; };
		5092317115E0291200C2B6EA /* AGIPCAlbumsController.h */ = {isa = PBXFileReference; fileEncoding = 4; lastKnownFileType = sourcecode.c.h; name = AGIPCAlbumsController.h; path = ../../library/AGImagePicker/AGImagePickerController/AGIPCAlbumsController.h; sourceTree = "<group>"; };
		5092317215E0291200C2B6EA /* AGIPCAlbumsController.m */ = {isa = PBXFileReference; fileEncoding = 4; lastKnownFileType = sourcecode.c.objc; name = AGIPCAlbumsController.m; path = ../../library/AGImagePicker/AGImagePickerController/AGIPCAlbumsController.m; sourceTree = "<group>"; };
		5092317315E0291200C2B6EA /* AGIPCAssetsController_iPad.xib */ = {isa = PBXFileReference; fileEncoding = 4; lastKnownFileType = file.xib; name = AGIPCAssetsController_iPad.xib; path = ../../library/AGImagePicker/AGImagePickerController/AGIPCAssetsController_iPad.xib; sourceTree = "<group>"; };
		5092317415E0291200C2B6EA /* AGIPCAssetsController_iPhone.xib */ = {isa = PBXFileReference; fileEncoding = 4; lastKnownFileType = file.xib; name = AGIPCAssetsController_iPhone.xib; path = ../../library/AGImagePicker/AGImagePickerController/AGIPCAssetsController_iPhone.xib; sourceTree = "<group>"; };
		5092317515E0291200C2B6EA /* AGIPCAssetsController.h */ = {isa = PBXFileReference; fileEncoding = 4; lastKnownFileType = sourcecode.c.h; name = AGIPCAssetsController.h; path = ../../library/AGImagePicker/AGImagePickerController/AGIPCAssetsController.h; sourceTree = "<group>"; };
		5092317615E0291200C2B6EA /* AGIPCAssetsController.m */ = {isa = PBXFileReference; fileEncoding = 4; lastKnownFileType = sourcecode.c.objc; name = AGIPCAssetsController.m; path = ../../library/AGImagePicker/AGImagePickerController/AGIPCAssetsController.m; sourceTree = "<group>"; };
		5092317715E0291200C2B6EA /* AGIPCGridCell.h */ = {isa = PBXFileReference; fileEncoding = 4; lastKnownFileType = sourcecode.c.h; name = AGIPCGridCell.h; path = ../../library/AGImagePicker/AGImagePickerController/AGIPCGridCell.h; sourceTree = "<group>"; };
		5092317815E0291200C2B6EA /* AGIPCGridCell.m */ = {isa = PBXFileReference; fileEncoding = 4; lastKnownFileType = sourcecode.c.objc; name = AGIPCGridCell.m; path = ../../library/AGImagePicker/AGImagePickerController/AGIPCGridCell.m; sourceTree = "<group>"; };
		5092317915E0291200C2B6EA /* AGIPCGridItem.h */ = {isa = PBXFileReference; fileEncoding = 4; lastKnownFileType = sourcecode.c.h; name = AGIPCGridItem.h; path = ../../library/AGImagePicker/AGImagePickerController/AGIPCGridItem.h; sourceTree = "<group>"; };
		5092317A15E0291200C2B6EA /* AGIPCGridItem.m */ = {isa = PBXFileReference; fileEncoding = 4; lastKnownFileType = sourcecode.c.objc; name = AGIPCGridItem.m; path = ../../library/AGImagePicker/AGImagePickerController/AGIPCGridItem.m; sourceTree = "<group>"; };
		5092317B15E0291200C2B6EA /* AGIPCToolbarItem.h */ = {isa = PBXFileReference; fileEncoding = 4; lastKnownFileType = sourcecode.c.h; name = AGIPCToolbarItem.h; path = ../../library/AGImagePicker/AGImagePickerController/AGIPCToolbarItem.h; sourceTree = "<group>"; };
		5092317C15E0291200C2B6EA /* AGIPCToolbarItem.m */ = {isa = PBXFileReference; fileEncoding = 4; lastKnownFileType = sourcecode.c.objc; name = AGIPCToolbarItem.m; path = ../../library/AGImagePicker/AGImagePickerController/AGIPCToolbarItem.m; sourceTree = "<group>"; };
		5092317D15E0291200C2B6EA /* ALAsset+AGIPC.h */ = {isa = PBXFileReference; fileEncoding = 4; lastKnownFileType = sourcecode.c.h; name = "ALAsset+AGIPC.h"; path = "../../library/AGImagePicker/AGImagePickerController/ALAsset+AGIPC.h"; sourceTree = "<group>"; };
		5092317E15E0291200C2B6EA /* ALAsset+AGIPC.m */ = {isa = PBXFileReference; fileEncoding = 4; lastKnownFileType = sourcecode.c.objc; name = "ALAsset+AGIPC.m"; path = "../../library/AGImagePicker/AGImagePickerController/ALAsset+AGIPC.m"; sourceTree = "<group>"; };
		5092317F15E0291200C2B6EA /* LICENSE */ = {isa = PBXFileReference; fileEncoding = 4; lastKnownFileType = text; name = LICENSE; path = ../../library/AGImagePicker/AGImagePickerController/LICENSE; sourceTree = "<group>"; };
		5092319015E0E71900C2B6EA /* UIImage+Crop.h */ = {isa = PBXFileReference; fileEncoding = 4; lastKnownFileType = sourcecode.c.h; name = "UIImage+Crop.h"; path = "Helpers/UIImage+Crop.h"; sourceTree = "<group>"; };
		5092319115E0E71900C2B6EA /* UIImage+Crop.m */ = {isa = PBXFileReference; fileEncoding = 4; lastKnownFileType = sourcecode.c.objc; name = "UIImage+Crop.m"; path = "Helpers/UIImage+Crop.m"; sourceTree = "<group>"; };
		5092319415E0E94A00C2B6EA /* UIImage+ResizeImage.h */ = {isa = PBXFileReference; fileEncoding = 4; lastKnownFileType = sourcecode.c.h; name = "UIImage+ResizeImage.h"; path = "Helpers/UIImage+ResizeImage.h"; sourceTree = "<group>"; };
		5092319515E0E94A00C2B6EA /* UIImage+ResizeImage.m */ = {isa = PBXFileReference; fileEncoding = 4; lastKnownFileType = sourcecode.c.objc; name = "UIImage+ResizeImage.m"; path = "Helpers/UIImage+ResizeImage.m"; sourceTree = "<group>"; };
		50AABE2515DC3DAD00FC9F72 /* organizerRegisterViewController.h */ = {isa = PBXFileReference; fileEncoding = 4; lastKnownFileType = sourcecode.c.h; name = organizerRegisterViewController.h; path = Controllers/organizerRegisterViewController.h; sourceTree = "<group>"; };
		50AABE2615DC3DAD00FC9F72 /* organizerRegisterViewController.m */ = {isa = PBXFileReference; fileEncoding = 4; lastKnownFileType = sourcecode.c.objc; name = organizerRegisterViewController.m; path = Controllers/organizerRegisterViewController.m; sourceTree = "<group>"; };
		50AABE2915DC41AD00FC9F72 /* organizerSimpleCell.h */ = {isa = PBXFileReference; fileEncoding = 4; lastKnownFileType = sourcecode.c.h; name = organizerSimpleCell.h; path = Views/organizerSimpleCell.h; sourceTree = "<group>"; };
		50AABE2A15DC41AD00FC9F72 /* organizerSimpleCell.m */ = {isa = PBXFileReference; fileEncoding = 4; lastKnownFileType = sourcecode.c.objc; name = organizerSimpleCell.m; path = Views/organizerSimpleCell.m; sourceTree = "<group>"; };
		50AABE2C15DC427800FC9F72 /* organizerPasswordCell.h */ = {isa = PBXFileReference; fileEncoding = 4; lastKnownFileType = sourcecode.c.h; name = organizerPasswordCell.h; path = Views/organizerPasswordCell.h; sourceTree = "<group>"; };
		50AABE2D15DC427800FC9F72 /* organizerPasswordCell.m */ = {isa = PBXFileReference; fileEncoding = 4; lastKnownFileType = sourcecode.c.objc; name = organizerPasswordCell.m; path = Views/organizerPasswordCell.m; sourceTree = "<group>"; };
		50AABE2F15DC439400FC9F72 /* organizerAvatarCell.h */ = {isa = PBXFileReference; fileEncoding = 4; lastKnownFileType = sourcecode.c.h; name = organizerAvatarCell.h; path = Views/organizerAvatarCell.h; sourceTree = "<group>"; };
		50AABE3015DC439400FC9F72 /* organizerAvatarCell.m */ = {isa = PBXFileReference; fileEncoding = 4; lastKnownFileType = sourcecode.c.objc; name = organizerAvatarCell.m; path = Views/organizerAvatarCell.m; sourceTree = "<group>"; };
		50AABE3415DD6BDA00FC9F72 /* organizerDefinitions.h */ = {isa = PBXFileReference; fileEncoding = 4; lastKnownFileType = sourcecode.c.h; name = organizerDefinitions.h; path = Helpers/organizerDefinitions.h; sourceTree = "<group>"; };
		50B1D71215D9921500C20098 /* G-Organizer.app */ = {isa = PBXFileReference; explicitFileType = wrapper.application; includeInIndex = 0; path = "G-Organizer.app"; sourceTree = BUILT_PRODUCTS_DIR; };
		50B1D71615D9921600C20098 /* UIKit.framework */ = {isa = PBXFileReference; lastKnownFileType = wrapper.framework; name = UIKit.framework; path = System/Library/Frameworks/UIKit.framework; sourceTree = SDKROOT; };
		50B1D71815D9921600C20098 /* Foundation.framework */ = {isa = PBXFileReference; lastKnownFileType = wrapper.framework; name = Foundation.framework; path = System/Library/Frameworks/Foundation.framework; sourceTree = SDKROOT; };
		50B1D71A15D9921600C20098 /* CoreGraphics.framework */ = {isa = PBXFileReference; lastKnownFileType = wrapper.framework; name = CoreGraphics.framework; path = System/Library/Frameworks/CoreGraphics.framework; sourceTree = SDKROOT; };
		50B1D71E15D9921600C20098 /* G-Organizer-Info.plist */ = {isa = PBXFileReference; lastKnownFileType = text.plist.xml; path = "G-Organizer-Info.plist"; sourceTree = "<group>"; };
		50B1D72015D9921600C20098 /* en */ = {isa = PBXFileReference; lastKnownFileType = text.plist.strings; name = en; path = en.lproj/InfoPlist.strings; sourceTree = "<group>"; };
		50B1D72215D9921600C20098 /* main.m */ = {isa = PBXFileReference; lastKnownFileType = sourcecode.c.objc; path = main.m; sourceTree = "<group>"; };
		50B1D72415D9921600C20098 /* G-Organizer-Prefix.pch */ = {isa = PBXFileReference; lastKnownFileType = sourcecode.c.h; path = "G-Organizer-Prefix.pch"; sourceTree = "<group>"; };
		50B1D72515D9921600C20098 /* organizerAppDelegate.h */ = {isa = PBXFileReference; lastKnownFileType = sourcecode.c.h; path = organizerAppDelegate.h; sourceTree = "<group>"; };
		50B1D72615D9921600C20098 /* organizerAppDelegate.m */ = {isa = PBXFileReference; lastKnownFileType = sourcecode.c.objc; path = organizerAppDelegate.m; sourceTree = "<group>"; };
		50B1D72915D9921600C20098 /* en */ = {isa = PBXFileReference; lastKnownFileType = file.storyboard; name = en; path = en.lproj/MainStoryboard.storyboard; sourceTree = "<group>"; };
		50D2422F15DFE4DA00593C91 /* NSString+Empty.h */ = {isa = PBXFileReference; fileEncoding = 4; lastKnownFileType = sourcecode.c.h; name = "NSString+Empty.h"; path = "Helpers/NSString+Empty.h"; sourceTree = "<group>"; };
		50D2423015DFE4DA00593C91 /* NSString+Empty.m */ = {isa = PBXFileReference; fileEncoding = 4; lastKnownFileType = sourcecode.c.objc; name = "NSString+Empty.m"; path = "Helpers/NSString+Empty.m"; sourceTree = "<group>"; };
		50D2425715DFF1CB00593C91 /* AssetsLibrary.framework */ = {isa = PBXFileReference; lastKnownFileType = wrapper.framework; name = AssetsLibrary.framework; path = System/Library/Frameworks/AssetsLibrary.framework; sourceTree = SDKROOT; };
/* End PBXFileReference section */

/* Begin PBXFrameworksBuildPhase section */
		50B1D70F15D9921500C20098 /* Frameworks */ = {
			isa = PBXFrameworksBuildPhase;
			buildActionMask = 2147483647;
			files = (
				50D2425815DFF1CB00593C91 /* AssetsLibrary.framework in Frameworks */,
				5043684215D9A3CE00596DEC /* libTapkuLibrary.a in Frameworks */,
				5043680F15D9964200596DEC /* MapKit.framework in Frameworks */,
				5043680C15D9963300596DEC /* QuartzCore.framework in Frameworks */,
				50B1D71715D9921600C20098 /* UIKit.framework in Frameworks */,
				50B1D71915D9921600C20098 /* Foundation.framework in Frameworks */,
				50B1D71B15D9921600C20098 /* CoreGraphics.framework in Frameworks */,
			);
			runOnlyForDeploymentPostprocessing = 0;
		};
/* End PBXFrameworksBuildPhase section */

/* Begin PBXGroup section */
		5043681015D9992E00596DEC /* Controllers */ = {
			isa = PBXGroup;
			children = (
				5043684315DAB75800596DEC /* organizerLoginPageViewController.h */,
				5043684415DAB75800596DEC /* organizerLoginPageViewController.m */,
				5043684615DAB92800596DEC /* organizerHomePageViewController.h */,
				5043684715DAB92800596DEC /* organizerHomePageViewController.m */,
				5043684915DABA7100596DEC /* organizerCalendarViewController.h */,
				5043684A15DABA7100596DEC /* organizerCalendarViewController.m */,
				50AABE2515DC3DAD00FC9F72 /* organizerRegisterViewController.h */,
				50AABE2615DC3DAD00FC9F72 /* organizerRegisterViewController.m */,
			);
			name = Controllers;
			sourceTree = "<group>";
		};
		5043683A15D9A1AA00596DEC /* Products */ = {
			isa = PBXGroup;
			children = (
				5043683F15D9A1AA00596DEC /* libTapkuLibrary.a */,
				5043684115D9A1AA00596DEC /* LogicTests.octest */,
			);
			name = Products;
			sourceTree = "<group>";
		};
		5092316715E028E000C2B6EA /* AGImagePicker */ = {
			isa = PBXGroup;
			children = (
				5092316815E0291200C2B6EA /* AGImagePickerController.h */,
				5092316915E0291200C2B6EA /* AGImagePickerController.m */,
				5092316A15E0291200C2B6EA /* AGImagePickerController+Constants.h */,
				5092316B15E0291200C2B6EA /* AGImagePickerController+Constants.m */,
				5092316C15E0291200C2B6EA /* AGIPC-Checkmark-iPad.png */,
				5092316D15E0291200C2B6EA /* AGIPC-Checkmark-iPhone.png */,
				5092316E15E0291200C2B6EA /* AGIPC-Checkmark-iPhone@2x.png */,
				5092316F15E0291200C2B6EA /* AGIPCAlbumsController_iPad.xib */,
				5092317015E0291200C2B6EA /* AGIPCAlbumsController_iPhone.xib */,
				5092317115E0291200C2B6EA /* AGIPCAlbumsController.h */,
				5092317215E0291200C2B6EA /* AGIPCAlbumsController.m */,
				5092317315E0291200C2B6EA /* AGIPCAssetsController_iPad.xib */,
				5092317415E0291200C2B6EA /* AGIPCAssetsController_iPhone.xib */,
				5092317515E0291200C2B6EA /* AGIPCAssetsController.h */,
				5092317615E0291200C2B6EA /* AGIPCAssetsController.m */,
				5092317715E0291200C2B6EA /* AGIPCGridCell.h */,
				5092317815E0291200C2B6EA /* AGIPCGridCell.m */,
				5092317915E0291200C2B6EA /* AGIPCGridItem.h */,
				5092317A15E0291200C2B6EA /* AGIPCGridItem.m */,
				5092317B15E0291200C2B6EA /* AGIPCToolbarItem.h */,
				5092317C15E0291200C2B6EA /* AGIPCToolbarItem.m */,
				5092317D15E0291200C2B6EA /* ALAsset+AGIPC.h */,
				5092317E15E0291200C2B6EA /* ALAsset+AGIPC.m */,
				5092317F15E0291200C2B6EA /* LICENSE */,
			);
			name = AGImagePicker;
			sourceTree = "<group>";
		};
		50AABE2815DC415500FC9F72 /* Views */ = {
			isa = PBXGroup;
			children = (
				50AABE2915DC41AD00FC9F72 /* organizerSimpleCell.h */,
				50AABE2A15DC41AD00FC9F72 /* organizerSimpleCell.m */,
				50AABE2C15DC427800FC9F72 /* organizerPasswordCell.h */,
				50AABE2D15DC427800FC9F72 /* organizerPasswordCell.m */,
				50AABE2F15DC439400FC9F72 /* organizerAvatarCell.h */,
				50AABE3015DC439400FC9F72 /* organizerAvatarCell.m */,
			);
			name = Views;
			sourceTree = "<group>";
		};
		50AABE3215DD6B5A00FC9F72 /* Helpers */ = {
			isa = PBXGroup;
			children = (
				50AABE3415DD6BDA00FC9F72 /* organizerDefinitions.h */,
				50D2422F15DFE4DA00593C91 /* NSString+Empty.h */,
				50D2423015DFE4DA00593C91 /* NSString+Empty.m */,
				5092319015E0E71900C2B6EA /* UIImage+Crop.h */,
				5092319115E0E71900C2B6EA /* UIImage+Crop.m */,
				5092319415E0E94A00C2B6EA /* UIImage+ResizeImage.h */,
				5092319515E0E94A00C2B6EA /* UIImage+ResizeImage.m */,
			);
			name = Helpers;
			sourceTree = "<group>";
		};
		50B1D70715D9921500C20098 = {
			isa = PBXGroup;
			children = (
				50D2425715DFF1CB00593C91 /* AssetsLibrary.framework */,
				5043680E15D9964200596DEC /* MapKit.framework */,
				5043680B15D9963300596DEC /* QuartzCore.framework */,
				50B1D71C15D9921600C20098 /* G-Organizer */,
				50B1D71515D9921500C20098 /* Frameworks */,
				50B1D71315D9921500C20098 /* Products */,
			);
			sourceTree = "<group>";
		};
		50B1D71315D9921500C20098 /* Products */ = {
			isa = PBXGroup;
			children = (
				50B1D71215D9921500C20098 /* G-Organizer.app */,
			);
			name = Products;
			sourceTree = "<group>";
		};
		50B1D71515D9921500C20098 /* Frameworks */ = {
			isa = PBXGroup;
			children = (
				5043682B15D99E5200596DEC /* TapkuLibrary.xcodeproj */,
				50B1D71615D9921600C20098 /* UIKit.framework */,
				50B1D71815D9921600C20098 /* Foundation.framework */,
				50B1D71A15D9921600C20098 /* CoreGraphics.framework */,
			);
			name = Frameworks;
			sourceTree = "<group>";
		};
		50B1D71C15D9921600C20098 /* G-Organizer */ = {
			isa = PBXGroup;
			children = (
				50AABE3215DD6B5A00FC9F72 /* Helpers */,
				50AABE2815DC415500FC9F72 /* Views */,
				5043681015D9992E00596DEC /* Controllers */,
				50B1D72515D9921600C20098 /* organizerAppDelegate.h */,
				50B1D72615D9921600C20098 /* organizerAppDelegate.m */,
				50B1D72815D9921600C20098 /* MainStoryboard.storyboard */,
				50B1D71D15D9921600C20098 /* Supporting Files */,
			);
			path = "G-Organizer";
			sourceTree = "<group>";
		};
		50B1D71D15D9921600C20098 /* Supporting Files */ = {
			isa = PBXGroup;
			children = (
				50D2423215DFEBE100593C91 /* Librarys */,
				50B1D71E15D9921600C20098 /* G-Organizer-Info.plist */,
				50B1D71F15D9921600C20098 /* InfoPlist.strings */,
				50B1D72215D9921600C20098 /* main.m */,
				50B1D72415D9921600C20098 /* G-Organizer-Prefix.pch */,
			);
			name = "Supporting Files";
			sourceTree = "<group>";
		};
		50D2423215DFEBE100593C91 /* Librarys */ = {
			isa = PBXGroup;
			children = (
				5092316715E028E000C2B6EA /* AGImagePicker */,
				50D2423315DFEC0300593C91 /* Tapku */,
			);
			name = Librarys;
			sourceTree = "<group>";
		};
		50D2423315DFEC0300593C91 /* Tapku */ = {
			isa = PBXGroup;
			children = (
				5043680715D995F100596DEC /* TapkuLibrary.bundle */,
			);
			name = Tapku;
			sourceTree = "<group>";
		};
/* End PBXGroup section */

/* Begin PBXNativeTarget section */
		50B1D71115D9921500C20098 /* G-Organizer */ = {
			isa = PBXNativeTarget;
			buildConfigurationList = 50B1D73015D9921600C20098 /* Build configuration list for PBXNativeTarget "G-Organizer" */;
			buildPhases = (
				50B1D70E15D9921500C20098 /* Sources */,
				50B1D70F15D9921500C20098 /* Frameworks */,
				50B1D71015D9921500C20098 /* Resources */,
			);
			buildRules = (
			);
			dependencies = (
			);
			name = "G-Organizer";
			productName = "G-Organizer";
			productReference = 50B1D71215D9921500C20098 /* G-Organizer.app */;
			productType = "com.apple.product-type.application";
		};
/* End PBXNativeTarget section */

/* Begin PBXProject section */
		50B1D70915D9921500C20098 /* Project object */ = {
			isa = PBXProject;
			attributes = {
				CLASSPREFIX = organizer;
				LastUpgradeCheck = 0440;
				ORGANIZATIONNAME = "Max Tymchii";
			};
			buildConfigurationList = 50B1D70C15D9921500C20098 /* Build configuration list for PBXProject "G-Organizer" */;
			compatibilityVersion = "Xcode 3.2";
			developmentRegion = English;
			hasScannedForEncodings = 0;
			knownRegions = (
				en,
			);
			mainGroup = 50B1D70715D9921500C20098;
			productRefGroup = 50B1D71315D9921500C20098 /* Products */;
			projectDirPath = "";
			projectReferences = (
				{
					ProductGroup = 5043683A15D9A1AA00596DEC /* Products */;
					ProjectRef = 5043682B15D99E5200596DEC /* TapkuLibrary.xcodeproj */;
				},
			);
			projectRoot = "";
			targets = (
				50B1D71115D9921500C20098 /* G-Organizer */,
			);
		};
/* End PBXProject section */

/* Begin PBXReferenceProxy section */
		5043683F15D9A1AA00596DEC /* libTapkuLibrary.a */ = {
			isa = PBXReferenceProxy;
			fileType = archive.ar;
			path = libTapkuLibrary.a;
			remoteRef = 5043683E15D9A1AA00596DEC /* PBXContainerItemProxy */;
			sourceTree = BUILT_PRODUCTS_DIR;
		};
		5043684115D9A1AA00596DEC /* LogicTests.octest */ = {
			isa = PBXReferenceProxy;
			fileType = wrapper.cfbundle;
			path = LogicTests.octest;
			remoteRef = 5043684015D9A1AA00596DEC /* PBXContainerItemProxy */;
			sourceTree = BUILT_PRODUCTS_DIR;
		};
/* End PBXReferenceProxy section */

/* Begin PBXResourcesBuildPhase section */
		50B1D71015D9921500C20098 /* Resources */ = {
			isa = PBXResourcesBuildPhase;
			buildActionMask = 2147483647;
			files = (
				50B1D72115D9921600C20098 /* InfoPlist.strings in Resources */,
				50B1D72A15D9921600C20098 /* MainStoryboard.storyboard in Resources */,
				5043680815D995F100596DEC /* TapkuLibrary.bundle in Resources */,
				5092318215E0291200C2B6EA /* AGIPC-Checkmark-iPad.png in Resources */,
				5092318315E0291200C2B6EA /* AGIPC-Checkmark-iPhone.png in Resources */,
				5092318415E0291200C2B6EA /* AGIPC-Checkmark-iPhone@2x.png in Resources */,
				5092318515E0291200C2B6EA /* AGIPCAlbumsController_iPad.xib in Resources */,
				5092318615E0291200C2B6EA /* AGIPCAlbumsController_iPhone.xib in Resources */,
				5092318815E0291200C2B6EA /* AGIPCAssetsController_iPad.xib in Resources */,
				5092318915E0291200C2B6EA /* AGIPCAssetsController_iPhone.xib in Resources */,
				5092318F15E0291200C2B6EA /* LICENSE in Resources */,
			);
			runOnlyForDeploymentPostprocessing = 0;
		};
/* End PBXResourcesBuildPhase section */

/* Begin PBXSourcesBuildPhase section */
		50B1D70E15D9921500C20098 /* Sources */ = {
			isa = PBXSourcesBuildPhase;
			buildActionMask = 2147483647;
			files = (
				50B1D72315D9921600C20098 /* main.m in Sources */,
				50B1D72715D9921600C20098 /* organizerAppDelegate.m in Sources */,
				5043684515DAB75800596DEC /* organizerLoginPageViewController.m in Sources */,
				5043684815DAB92800596DEC /* organizerHomePageViewController.m in Sources */,
				5043684B15DABA7100596DEC /* organizerCalendarViewController.m in Sources */,
				50AABE2715DC3DAD00FC9F72 /* organizerRegisterViewController.m in Sources */,
				50AABE2B15DC41AD00FC9F72 /* organizerSimpleCell.m in Sources */,
				50AABE2E15DC427800FC9F72 /* organizerPasswordCell.m in Sources */,
				50AABE3115DC439400FC9F72 /* organizerAvatarCell.m in Sources */,
				50D2423115DFE4DA00593C91 /* NSString+Empty.m in Sources */,
				5092318015E0291200C2B6EA /* AGImagePickerController.m in Sources */,
				5092318115E0291200C2B6EA /* AGImagePickerController+Constants.m in Sources */,
				5092318715E0291200C2B6EA /* AGIPCAlbumsController.m in Sources */,
				5092318A15E0291200C2B6EA /* AGIPCAssetsController.m in Sources */,
				5092318B15E0291200C2B6EA /* AGIPCGridCell.m in Sources */,
				5092318C15E0291200C2B6EA /* AGIPCGridItem.m in Sources */,
				5092318D15E0291200C2B6EA /* AGIPCToolbarItem.m in Sources */,
				5092318E15E0291200C2B6EA /* ALAsset+AGIPC.m in Sources */,
				5092319215E0E71900C2B6EA /* UIImage+Crop.m in Sources */,
				5092319615E0E94A00C2B6EA /* UIImage+ResizeImage.m in Sources */,
			);
			runOnlyForDeploymentPostprocessing = 0;
		};
/* End PBXSourcesBuildPhase section */

/* Begin PBXVariantGroup section */
		50B1D71F15D9921600C20098 /* InfoPlist.strings */ = {
			isa = PBXVariantGroup;
			children = (
				50B1D72015D9921600C20098 /* en */,
			);
			name = InfoPlist.strings;
			sourceTree = "<group>";
		};
		50B1D72815D9921600C20098 /* MainStoryboard.storyboard */ = {
			isa = PBXVariantGroup;
			children = (
				50B1D72915D9921600C20098 /* en */,
			);
			name = MainStoryboard.storyboard;
			sourceTree = "<group>";
		};
/* End PBXVariantGroup section */

/* Begin XCBuildConfiguration section */
		50B1D72E15D9921600C20098 /* Debug */ = {
			isa = XCBuildConfiguration;
			buildSettings = {
				ALWAYS_SEARCH_USER_PATHS = NO;
				ARCHS = "$(ARCHS_STANDARD_32_BIT)";
				CLANG_CXX_LANGUAGE_STANDARD = "gnu++0x";
				CLANG_ENABLE_OBJC_ARC = YES;
				CLANG_WARN__DUPLICATE_METHOD_MATCH = YES;
				"CODE_SIGN_IDENTITY[sdk=iphoneos*]" = "iPhone Developer";
				COPY_PHASE_STRIP = NO;
				GCC_C_LANGUAGE_STANDARD = gnu99;
				GCC_DYNAMIC_NO_PIC = NO;
				GCC_OPTIMIZATION_LEVEL = 0;
				GCC_PREPROCESSOR_DEFINITIONS = (
					"DEBUG=1",
					"$(inherited)",
				);
				GCC_SYMBOLS_PRIVATE_EXTERN = NO;
				GCC_VERSION = com.apple.compilers.llvm.clang.1_0;
				GCC_WARN_ABOUT_RETURN_TYPE = YES;
				GCC_WARN_UNINITIALIZED_AUTOS = YES;
				GCC_WARN_UNUSED_VARIABLE = YES;
				HEADER_SEARCH_PATHS = "$(SRCROOT)/../library/tapku/src";
				IPHONEOS_DEPLOYMENT_TARGET = 5.1;
				SDKROOT = iphoneos;
			};
			name = Debug;
		};
		50B1D72F15D9921600C20098 /* Release */ = {
			isa = XCBuildConfiguration;
			buildSettings = {
				ALWAYS_SEARCH_USER_PATHS = NO;
				ARCHS = "$(ARCHS_STANDARD_32_BIT)";
				CLANG_CXX_LANGUAGE_STANDARD = "gnu++0x";
				CLANG_ENABLE_OBJC_ARC = YES;
				CLANG_WARN__DUPLICATE_METHOD_MATCH = YES;
				"CODE_SIGN_IDENTITY[sdk=iphoneos*]" = "iPhone Developer";
				COPY_PHASE_STRIP = YES;
				GCC_C_LANGUAGE_STANDARD = gnu99;
				GCC_VERSION = com.apple.compilers.llvm.clang.1_0;
				GCC_WARN_ABOUT_RETURN_TYPE = YES;
				GCC_WARN_UNINITIALIZED_AUTOS = YES;
				GCC_WARN_UNUSED_VARIABLE = YES;
				HEADER_SEARCH_PATHS = "$(SRCROOT)/../library/tapku/src";
				IPHONEOS_DEPLOYMENT_TARGET = 5.1;
				OTHER_CFLAGS = "-DNS_BLOCK_ASSERTIONS=1";
				SDKROOT = iphoneos;
				VALIDATE_PRODUCT = YES;
			};
			name = Release;
		};
		50B1D73115D9921600C20098 /* Debug */ = {
			isa = XCBuildConfiguration;
			buildSettings = {
				CLANG_ENABLE_OBJC_ARC = YES;
				CLANG_WARN_OBJCPP_ARC_ABI = YES;
				GCC_PRECOMPILE_PREFIX_HEADER = YES;
				GCC_PREFIX_HEADER = "G-Organizer/G-Organizer-Prefix.pch";
				HEADER_SEARCH_PATHS = "$(SRCROOT)/../library/tapku/src";
				INFOPLIST_FILE = "G-Organizer/G-Organizer-Info.plist";
				OTHER_LDFLAGS = (
					"-all_load",
					"-ObjC",
				);
				PRODUCT_NAME = "$(TARGET_NAME)";
				WRAPPER_EXTENSION = app;
			};
			name = Debug;
		};
		50B1D73215D9921600C20098 /* Release */ = {
			isa = XCBuildConfiguration;
			buildSettings = {
				CLANG_ENABLE_OBJC_ARC = YES;
				CLANG_WARN_OBJCPP_ARC_ABI = YES;
				GCC_PRECOMPILE_PREFIX_HEADER = YES;
				GCC_PREFIX_HEADER = "G-Organizer/G-Organizer-Prefix.pch";
				HEADER_SEARCH_PATHS = "$(SRCROOT)/../library/tapku/src";
				INFOPLIST_FILE = "G-Organizer/G-Organizer-Info.plist";
				OTHER_LDFLAGS = (
					"-all_load",
					"-ObjC",
				);
				PRODUCT_NAME = "$(TARGET_NAME)";
				WRAPPER_EXTENSION = app;
			};
			name = Release;
		};
/* End XCBuildConfiguration section */

/* Begin XCConfigurationList section */
		50B1D70C15D9921500C20098 /* Build configuration list for PBXProject "G-Organizer" */ = {
			isa = XCConfigurationList;
			buildConfigurations = (
				50B1D72E15D9921600C20098 /* Debug */,
				50B1D72F15D9921600C20098 /* Release */,
			);
			defaultConfigurationIsVisible = 0;
			defaultConfigurationName = Release;
		};
		50B1D73015D9921600C20098 /* Build configuration list for PBXNativeTarget "G-Organizer" */ = {
			isa = XCConfigurationList;
			buildConfigurations = (
				50B1D73115D9921600C20098 /* Debug */,
				50B1D73215D9921600C20098 /* Release */,
			);
			defaultConfigurationIsVisible = 0;
			defaultConfigurationName = Release;
		};
/* End XCConfigurationList section */
	};
	rootObject = 50B1D70915D9921500C20098 /* Project object */;
}
